
Microsoft Visual Studio Solution File, Format Version 12.00
# Visual Studio 15
VisualStudioVersion = 15.0.27428.2037
MinimumVisualStudioVersion = 10.0.40219.1
Project("{FAE04EC0-301F-11D3-BF4B-00C04F79EFBC}") = "ConversionToString", "ConversionToString\ConversionToString.csproj", "{361A71B8-B78F-48DF-B027-E24692842EE9}"
EndProject
Global
	GlobalSection(SolutionConfigurationPlatforms) = preSolution
		Debug|Any CPU = Debug|Any CPU
		Release|Any CPU = Release|Any CPU
	EndGlobalSection
	GlobalSection(ProjectConfigurationPlatforms) = postSolution
		{361A71B8-B78F-48DF-B027-E24692842EE9}.Debug|Any CPU.ActiveCfg = Debug|Any CPU
		{361A71B8-B78F-48DF-B027-E24692842EE9}.Debug|Any CPU.Build.0 = Debug|Any CPU
		{361A71B8-B78F-48DF-B027-E24692842EE9}.Release|Any CPU.ActiveCfg = Release|Any CPU
		{361A71B8-B78F-48DF-B027-E24692842EE9}.Release|Any CPU.Build.0 = Release|Any CPU
	EndGlobalSection
	GlobalSection(SolutionProperties) = preSolution
		HideSolutionNode = FALSE
	EndGlobalSection
	GlobalSection(ExtensibilityGlobals) = postSolution
		SolutionGuid = {DABE8753-5CFA-4D01-BA81-46AE4D93C3F3}
	EndGlobalSection
EndGlobal
