
Microsoft Visual Studio Solution File, Format Version 12.00
# Visual Studio 15
VisualStudioVersion = 15.0.27130.2027
MinimumVisualStudioVersion = 10.0.40219.1
Project("{FAE04EC0-301F-11D3-BF4B-00C04F79EFBC}") = "VariableNameRules", "VariableNameRules\VariableNameRules.csproj", "{C9177BDD-AE26-4768-977F-663EE3859099}"
EndProject
Global
	GlobalSection(SolutionConfigurationPlatforms) = preSolution
		Debug|Any CPU = Debug|Any CPU
		Release|Any CPU = Release|Any CPU
	EndGlobalSection
	GlobalSection(ProjectConfigurationPlatforms) = postSolution
		{C9177BDD-AE26-4768-977F-663EE3859099}.Debug|Any CPU.ActiveCfg = Debug|Any CPU
		{C9177BDD-AE26-4768-977F-663EE3859099}.Debug|Any CPU.Build.0 = Debug|Any CPU
		{C9177BDD-AE26-4768-977F-663EE3859099}.Release|Any CPU.ActiveCfg = Release|Any CPU
		{C9177BDD-AE26-4768-977F-663EE3859099}.Release|Any CPU.Build.0 = Release|Any CPU
	EndGlobalSection
	GlobalSection(SolutionProperties) = preSolution
		HideSolutionNode = FALSE
	EndGlobalSection
	GlobalSection(ExtensibilityGlobals) = postSolution
		SolutionGuid = {5D4B0BAE-1DD6-476B-9FA0-726992A4F928}
	EndGlobalSection
EndGlobal
