
Microsoft Visual Studio Solution File, Format Version 12.00
# Visual Studio 15
VisualStudioVersion = 15.0.27130.2027
MinimumVisualStudioVersion = 10.0.40219.1
Project("{FAE04EC0-301F-11D3-BF4B-00C04F79EFBC}") = "ObjectVariable", "ObjectVariable\ObjectVariable.csproj", "{1758BE9C-A4A6-40CC-820A-9C10D9A93A42}"
EndProject
Global
	GlobalSection(SolutionConfigurationPlatforms) = preSolution
		Debug|Any CPU = Debug|Any CPU
		Release|Any CPU = Release|Any CPU
	EndGlobalSection
	GlobalSection(ProjectConfigurationPlatforms) = postSolution
		{1758BE9C-A4A6-40CC-820A-9C10D9A93A42}.Debug|Any CPU.ActiveCfg = Debug|Any CPU
		{1758BE9C-A4A6-40CC-820A-9C10D9A93A42}.Debug|Any CPU.Build.0 = Debug|Any CPU
		{1758BE9C-A4A6-40CC-820A-9C10D9A93A42}.Release|Any CPU.ActiveCfg = Release|Any CPU
		{1758BE9C-A4A6-40CC-820A-9C10D9A93A42}.Release|Any CPU.Build.0 = Release|Any CPU
	EndGlobalSection
	GlobalSection(SolutionProperties) = preSolution
		HideSolutionNode = FALSE
	EndGlobalSection
	GlobalSection(ExtensibilityGlobals) = postSolution
		SolutionGuid = {7F3EE559-643B-423E-B37B-1CE94E9BD036}
	EndGlobalSection
EndGlobal
