
Microsoft Visual Studio Solution File, Format Version 12.00
# Visual Studio 15
VisualStudioVersion = 15.0.27130.2036
MinimumVisualStudioVersion = 10.0.40219.1
Project("{FAE04EC0-301F-11D3-BF4B-00C04F79EFBC}") = "ReadTextFileWhile", "ConsoleApp1\ReadTextFileWhile.csproj", "{BC759BF6-B445-4EAD-A430-0C1FCB238A74}"
EndProject
Project("{2150E333-8FDC-42A3-9474-1A3956D46DE8}") = "Solution Items", "Solution Items", "{883F8461-8BAA-4669-8FE3-CF653F44F66A}"
	ProjectSection(SolutionItems) = preProject
		ConsoleApp1\bin\Debug\Values.txt = ConsoleApp1\bin\Debug\Values.txt
	EndProjectSection
EndProject
Global
	GlobalSection(SolutionConfigurationPlatforms) = preSolution
		Debug|Any CPU = Debug|Any CPU
		Release|Any CPU = Release|Any CPU
	EndGlobalSection
	GlobalSection(ProjectConfigurationPlatforms) = postSolution
		{BC759BF6-B445-4EAD-A430-0C1FCB238A74}.Debug|Any CPU.ActiveCfg = Debug|Any CPU
		{BC759BF6-B445-4EAD-A430-0C1FCB238A74}.Debug|Any CPU.Build.0 = Debug|Any CPU
		{BC759BF6-B445-4EAD-A430-0C1FCB238A74}.Release|Any CPU.ActiveCfg = Release|Any CPU
		{BC759BF6-B445-4EAD-A430-0C1FCB238A74}.Release|Any CPU.Build.0 = Release|Any CPU
	EndGlobalSection
	GlobalSection(SolutionProperties) = preSolution
		HideSolutionNode = FALSE
	EndGlobalSection
	GlobalSection(ExtensibilityGlobals) = postSolution
		SolutionGuid = {F67FF9B6-58EF-42AD-88D6-EDA75CBF3FD2}
	EndGlobalSection
EndGlobal
