
Microsoft Visual Studio Solution File, Format Version 12.00
# Visual Studio 15
VisualStudioVersion = 15.0.27130.2036
MinimumVisualStudioVersion = 10.0.40219.1
Project("{FAE04EC0-301F-11D3-BF4B-00C04F79EFBC}") = "ForIterations", "ForIterations\ForIterations.csproj", "{C41D20AE-6C2F-48B4-A1AF-3FF19BA9751A}"
EndProject
Global
	GlobalSection(SolutionConfigurationPlatforms) = preSolution
		Debug|Any CPU = Debug|Any CPU
		Release|Any CPU = Release|Any CPU
	EndGlobalSection
	GlobalSection(ProjectConfigurationPlatforms) = postSolution
		{C41D20AE-6C2F-48B4-A1AF-3FF19BA9751A}.Debug|Any CPU.ActiveCfg = Debug|Any CPU
		{C41D20AE-6C2F-48B4-A1AF-3FF19BA9751A}.Debug|Any CPU.Build.0 = Debug|Any CPU
		{C41D20AE-6C2F-48B4-A1AF-3FF19BA9751A}.Release|Any CPU.ActiveCfg = Release|Any CPU
		{C41D20AE-6C2F-48B4-A1AF-3FF19BA9751A}.Release|Any CPU.Build.0 = Release|Any CPU
	EndGlobalSection
	GlobalSection(SolutionProperties) = preSolution
		HideSolutionNode = FALSE
	EndGlobalSection
	GlobalSection(ExtensibilityGlobals) = postSolution
		SolutionGuid = {2451AF3A-4AF5-444E-8098-575E1EF96F1F}
	EndGlobalSection
EndGlobal
