
Microsoft Visual Studio Solution File, Format Version 12.00
# Visual Studio 15
VisualStudioVersion = 15.0.27130.2027
MinimumVisualStudioVersion = 10.0.40219.1
Project("{FAE04EC0-301F-11D3-BF4B-00C04F79EFBC}") = "EscapingLiteralsExample", "EscapingLiteralsExample\EscapingLiteralsExample.csproj", "{751959C4-9959-4D88-8700-3AEF50D26344}"
EndProject
Global
	GlobalSection(SolutionConfigurationPlatforms) = preSolution
		Debug|Any CPU = Debug|Any CPU
		Release|Any CPU = Release|Any CPU
	EndGlobalSection
	GlobalSection(ProjectConfigurationPlatforms) = postSolution
		{751959C4-9959-4D88-8700-3AEF50D26344}.Debug|Any CPU.ActiveCfg = Debug|Any CPU
		{751959C4-9959-4D88-8700-3AEF50D26344}.Debug|Any CPU.Build.0 = Debug|Any CPU
		{751959C4-9959-4D88-8700-3AEF50D26344}.Release|Any CPU.ActiveCfg = Release|Any CPU
		{751959C4-9959-4D88-8700-3AEF50D26344}.Release|Any CPU.Build.0 = Release|Any CPU
	EndGlobalSection
	GlobalSection(SolutionProperties) = preSolution
		HideSolutionNode = FALSE
	EndGlobalSection
	GlobalSection(ExtensibilityGlobals) = postSolution
		SolutionGuid = {81F86E0A-F061-412A-92B5-FC5635A90907}
	EndGlobalSection
EndGlobal
