
Microsoft Visual Studio Solution File, Format Version 12.00
# Visual Studio 15
VisualStudioVersion = 15.0.27428.1
MinimumVisualStudioVersion = 10.0.40219.1
Project("{FAE04EC0-301F-11D3-BF4B-00C04F79EFBC}") = "WPFEvents", "WPFEvents\WPFEvents.csproj", "{D4D23FB1-FFC9-4332-9948-7A49215448D0}"
EndProject
Global
	GlobalSection(SolutionConfigurationPlatforms) = preSolution
		Debug|Any CPU = Debug|Any CPU
		Release|Any CPU = Release|Any CPU
	EndGlobalSection
	GlobalSection(ProjectConfigurationPlatforms) = postSolution
		{D4D23FB1-FFC9-4332-9948-7A49215448D0}.Debug|Any CPU.ActiveCfg = Debug|Any CPU
		{D4D23FB1-FFC9-4332-9948-7A49215448D0}.Debug|Any CPU.Build.0 = Debug|Any CPU
		{D4D23FB1-FFC9-4332-9948-7A49215448D0}.Release|Any CPU.ActiveCfg = Release|Any CPU
		{D4D23FB1-FFC9-4332-9948-7A49215448D0}.Release|Any CPU.Build.0 = Release|Any CPU
	EndGlobalSection
	GlobalSection(SolutionProperties) = preSolution
		HideSolutionNode = FALSE
	EndGlobalSection
	GlobalSection(ExtensibilityGlobals) = postSolution
		SolutionGuid = {F47E22D5-A64A-4711-968A-3362B80371F9}
	EndGlobalSection
EndGlobal
