
Microsoft Visual Studio Solution File, Format Version 12.00
# Visual Studio 15
VisualStudioVersion = 15.0.27130.2027
MinimumVisualStudioVersion = 10.0.40219.1
Project("{FAE04EC0-301F-11D3-BF4B-00C04F79EFBC}") = "Excer1pg135", "Excer1pg135\Excer1pg135.csproj", "{901221E2-4056-41E5-AE10-8922F88A6E26}"
EndProject
Global
	GlobalSection(SolutionConfigurationPlatforms) = preSolution
		Debug|Any CPU = Debug|Any CPU
		Release|Any CPU = Release|Any CPU
	EndGlobalSection
	GlobalSection(ProjectConfigurationPlatforms) = postSolution
		{901221E2-4056-41E5-AE10-8922F88A6E26}.Debug|Any CPU.ActiveCfg = Debug|Any CPU
		{901221E2-4056-41E5-AE10-8922F88A6E26}.Debug|Any CPU.Build.0 = Debug|Any CPU
		{901221E2-4056-41E5-AE10-8922F88A6E26}.Release|Any CPU.ActiveCfg = Release|Any CPU
		{901221E2-4056-41E5-AE10-8922F88A6E26}.Release|Any CPU.Build.0 = Release|Any CPU
	EndGlobalSection
	GlobalSection(SolutionProperties) = preSolution
		HideSolutionNode = FALSE
	EndGlobalSection
	GlobalSection(ExtensibilityGlobals) = postSolution
		SolutionGuid = {1E47DE95-18AE-416B-A663-E2964E655969}
	EndGlobalSection
EndGlobal
